
Microsoft Visual Studio Solution File, Format Version 12.00
# Visual Studio Version 17
VisualStudioVersion = 17.6.33815.320
MinimumVisualStudioVersion = 10.0.40219.1
Project("{FAE04EC0-301F-11D3-BF4B-00C04F79EFBC}") = "MyStore", "MyStore\MyStore.csproj", "{7CE9394F-A642-4B5A-BB3F-7D5B595FA8F9}"
EndProject
Global
	GlobalSection(SolutionConfigurationPlatforms) = preSolution
		Debug|Any CPU = Debug|Any CPU
		Release|Any CPU = Release|Any CPU
	EndGlobalSection
	GlobalSection(ProjectConfigurationPlatforms) = postSolution
		{7CE9394F-A642-4B5A-BB3F-7D5B595FA8F9}.Debug|Any CPU.ActiveCfg = Debug|Any CPU
		{7CE9394F-A642-4B5A-BB3F-7D5B595FA8F9}.Debug|Any CPU.Build.0 = Debug|Any CPU
		{7CE9394F-A642-4B5A-BB3F-7D5B595FA8F9}.Release|Any CPU.ActiveCfg = Release|Any CPU
		{7CE9394F-A642-4B5A-BB3F-7D5B595FA8F9}.Release|Any CPU.Build.0 = Release|Any CPU
	EndGlobalSection
	GlobalSection(SolutionProperties) = preSolution
		HideSolutionNode = FALSE
	EndGlobalSection
	GlobalSection(ExtensibilityGlobals) = postSolution
		SolutionGuid = {CAD3D80E-E1C1-4179-AA86-07041A4ECE93}
	EndGlobalSection
EndGlobal
